Microsoft Visual Studio Solution File, Format Version 11.00
# Visual Studio 2008

Project("{822853D4-3A2C-614F-3BA9-9AF7006B371E}") = "курсач", "Assembly-CSharp-firstpass.csproj", "{008E804B-2692-A461-90F7-00A619878096}"
EndProject
Project("{822853D4-3A2C-614F-3BA9-9AF7006B371E}") = "курсач", "Assembly-CSharp.csproj", "{8622FED5-2A17-2D03-0DC1-9A9EE13F175D}"
EndProject
Project("{822853D4-3A2C-614F-3BA9-9AF7006B371E}") = "курсач", "Assembly-CSharp-Editor.csproj", "{1ED22443-692F-ADAD-DAAD-1AEF9C1B5405}"
EndProject
Project("{822853D4-3A2C-614F-3BA9-9AF7006B371E}") = "курсач", "Assembly-UnityScript-firstpass.unityproj", "{43BDB0CA-E0DF-6FBD-AF14-78D4745E9165}"
EndProject
Project("{822853D4-3A2C-614F-3BA9-9AF7006B371E}") = "курсач", "Assembly-UnityScript.unityproj", "{D80F510C-9B5C-2B4F-1168-F393F6BF40E7}"
EndProject
Project("{822853D4-3A2C-614F-3BA9-9AF7006B371E}") = "курсач", "Assembly-UnityScript-Editor.unityproj", "{35C012E7-8179-F692-1B2A-821ECDD87C1E}"
EndProject
Global
	GlobalSection(SolutionConfigurationPlatforms) = preSolution
		Debug|Any CPU = Debug|Any CPU
		Release|Any CPU = Release|Any CPU
	EndGlobalSection
	GlobalSection(ProjectConfigurationPlatforms) = postSolution
		{008E804B-2692-A461-90F7-00A619878096}.Debug|Any CPU.ActiveCfg = Debug|Any CPU
		{008E804B-2692-A461-90F7-00A619878096}.Debug|Any CPU.Build.0 = Debug|Any CPU
		{008E804B-2692-A461-90F7-00A619878096}.Release|Any CPU.ActiveCfg = Release|Any CPU
		{008E804B-2692-A461-90F7-00A619878096}.Release|Any CPU.Build.0 = Release|Any CPU
		{8622FED5-2A17-2D03-0DC1-9A9EE13F175D}.Debug|Any CPU.ActiveCfg = Debug|Any CPU
		{8622FED5-2A17-2D03-0DC1-9A9EE13F175D}.Debug|Any CPU.Build.0 = Debug|Any CPU
		{8622FED5-2A17-2D03-0DC1-9A9EE13F175D}.Release|Any CPU.ActiveCfg = Release|Any CPU
		{8622FED5-2A17-2D03-0DC1-9A9EE13F175D}.Release|Any CPU.Build.0 = Release|Any CPU
		{1ED22443-692F-ADAD-DAAD-1AEF9C1B5405}.Debug|Any CPU.ActiveCfg = Debug|Any CPU
		{1ED22443-692F-ADAD-DAAD-1AEF9C1B5405}.Debug|Any CPU.Build.0 = Debug|Any CPU
		{1ED22443-692F-ADAD-DAAD-1AEF9C1B5405}.Release|Any CPU.ActiveCfg = Release|Any CPU
		{1ED22443-692F-ADAD-DAAD-1AEF9C1B5405}.Release|Any CPU.Build.0 = Release|Any CPU
		{43BDB0CA-E0DF-6FBD-AF14-78D4745E9165}.Debug|Any CPU.ActiveCfg = Debug|Any CPU
		{43BDB0CA-E0DF-6FBD-AF14-78D4745E9165}.Debug|Any CPU.Build.0 = Debug|Any CPU
		{43BDB0CA-E0DF-6FBD-AF14-78D4745E9165}.Release|Any CPU.ActiveCfg = Release|Any CPU
		{43BDB0CA-E0DF-6FBD-AF14-78D4745E9165}.Release|Any CPU.Build.0 = Release|Any CPU
		{D80F510C-9B5C-2B4F-1168-F393F6BF40E7}.Debug|Any CPU.ActiveCfg = Debug|Any CPU
		{D80F510C-9B5C-2B4F-1168-F393F6BF40E7}.Debug|Any CPU.Build.0 = Debug|Any CPU
		{D80F510C-9B5C-2B4F-1168-F393F6BF40E7}.Release|Any CPU.ActiveCfg = Release|Any CPU
		{D80F510C-9B5C-2B4F-1168-F393F6BF40E7}.Release|Any CPU.Build.0 = Release|Any CPU
		{35C012E7-8179-F692-1B2A-821ECDD87C1E}.Debug|Any CPU.ActiveCfg = Debug|Any CPU
		{35C012E7-8179-F692-1B2A-821ECDD87C1E}.Debug|Any CPU.Build.0 = Debug|Any CPU
		{35C012E7-8179-F692-1B2A-821ECDD87C1E}.Release|Any CPU.ActiveCfg = Release|Any CPU
		{35C012E7-8179-F692-1B2A-821ECDD87C1E}.Release|Any CPU.Build.0 = Release|Any CPU
	EndGlobalSection
	GlobalSection(SolutionProperties) = preSolution
		HideSolutionNode = FALSE
	EndGlobalSection
																																																																																																																																																					GlobalSection(MonoDevelopProperties) = preSolution
		StartupItem = Assembly-CSharp.csproj
		Policies = $0
		$0.TextStylePolicy = $1
		$1.inheritsSet = null
		$1.scope = text/x-csharp
		$0.CSharpFormattingPolicy = $2
		$2.inheritsSet = Mono
		$2.inheritsScope = text/x-csharp
		$2.scope = text/x-csharp
		$0.TextStylePolicy = $3
		$3.FileWidth = 120
		$3.TabWidth = 4
		$3.EolMarker = Unix
		$3.inheritsSet = Mono
		$3.inheritsScope = text/plain
		$3.scope = text/plain
	EndGlobalSection

EndGlobal
